{
  "nodes": {
    "flake-utils": {
      "inputs": {
        "systems": "systems"
      },
      "locked": {
        "lastModified": 1731533236,
        "narHash": "sha256-l0KFg5HjrsfsO/JpG+r7fRrqm12kzFHyUHqHCVpMMbI=",
        "owner": "numtide",
        "repo": "flake-utils",
        "rev": "11707dc2f618dd54ca8739b309ec4fc024de578b",
        "type": "github"
      },
      "original": {
        "owner": "numtide",
        "repo": "flake-utils",
        "type": "github"
      }
    },
    "kattis-cli": {
      "flake": false,
      "locked": {
        "lastModified": 1744212772,
        "narHash": "sha256-UNJBKNLTip3/6wdWA/OUwbtkIK99yo6ghLA0N/cYE6U=",
        "owner": "Kattis",
        "repo": "kattis-cli",
        "rev": "e748f51b803bd783c24d3424905e4a335c0cb6dc",
        "type": "github"
      },
      "original": {
        "owner": "Kattis",
        "repo": "kattis-cli",
        "type": "github"
      }
    },
    "kattis-test": {
      "flake": false,
      "locked": {
        "lastModified": 1736432531,
        "narHash": "sha256-gtPC80fV5+6wFqWobsARUgCRQhPSkZqckNYZaOKx2OE=",
        "owner": "tyilo",
        "repo": "kattis-test",
        "rev": "2bc6c9b5d2a514214f51f02ae02a91dcfa9a9abc",
        "type": "github"
      },
      "original": {
        "owner": "tyilo",
        "repo": "kattis-test",
        "type": "github"
      }
    },
    "nixpkgs": {
      "locked": {
        "lastModified": 1746663147,
        "narHash": "sha256-Ua0drDHawlzNqJnclTJGf87dBmaO/tn7iZ+TCkTRpRc=",
        "owner": "nixos",
        "repo": "nixpkgs",
        "rev": "dda3dcd3fe03e991015e9a74b22d35950f264a54",
        "type": "github"
      },
      "original": {
        "owner": "nixos",
        "ref": "nixos-unstable",
        "repo": "nixpkgs",
        "type": "github"
      }
    },
    "root": {
      "inputs": {
        "flake-utils": "flake-utils",
        "kattis-cli": "kattis-cli",
        "kattis-test": "kattis-test",
        "nixpkgs": "nixpkgs"
      }
    },
    "systems": {
      "locked": {
        "lastModified": 1681028828,
        "narHash": "sha256-Vy1rq5AaRuLzOxct8nz4T6wlgyUR7zLU309k9mBC768=",
        "owner": "nix-systems",
        "repo": "default",
        "rev": "da67096a3b9bf56a91d16901293e51ba5b49a27e",
        "type": "github"
      },
      "original": {
        "owner": "nix-systems",
        "repo": "default",
        "type": "github"
      }
    }
  },
  "root": "root",
  "version": 7
}
